// !$*UTF8*$!
{
	archiveVersion = 1;
	classes = {
	};
	objectVersion = 77;
	objects = {

/* Begin PBXBuildFile section */
		737A08DA2CF51DB300E043CF /* Auth in Frameworks */ = {isa = PBXBuildFile; productRef = 737A08D92CF51DB300E043CF /* Auth */; };
		737A08DC2CF51DB300E043CF /* Functions in Frameworks */ = {isa = PBXBuildFile; productRef = 737A08DB2CF51DB300E043CF /* Functions */; };
		737A08DE2CF51DB300E043CF /* PostgREST in Frameworks */ = {isa = PBXBuildFile; productRef = 737A08DD2CF51DB300E043CF /* PostgREST */; };
		737A08E02CF51DB300E043CF /* Realtime in Frameworks */ = {isa = PBXBuildFile; productRef = 737A08DF2CF51DB300E043CF /* Realtime */; };
		737A08E22CF51DB300E043CF /* Storage in Frameworks */ = {isa = PBXBuildFile; productRef = 737A08E12CF51DB300E043CF /* Storage */; };
		737A08E42CF51DB300E043CF /* Supabase in Frameworks */ = {isa = PBXBuildFile; productRef = 737A08E32CF51DB300E043CF /* Supabase */; };
/* End PBXBuildFile section */

/* Begin PBXFileReference section */
		73AB7D872CDE5BEC00EEF173 /* AdventureThirst.app */ = {isa = PBXFileReference; explicitFileType = wrapper.application; includeInIndex = 0; path = AdventureThirst.app; sourceTree = BUILT_PRODUCTS_DIR; };
/* End PBXFileReference section */

/* Begin PBXFileSystemSynchronizedBuildFileExceptionSet section */
		73AB7D992CDE5BEE00EEF173 /* Exceptions for "AdventureThirst" folder in "AdventureThirst" target */ = {
			isa = PBXFileSystemSynchronizedBuildFileExceptionSet;
			membershipExceptions = (
				Info.plist,
			);
			target = 73AB7D862CDE5BEC00EEF173 /* AdventureThirst */;
		};
/* End PBXFileSystemSynchronizedBuildFileExceptionSet section */

/* Begin PBXFileSystemSynchronizedRootGroup section */
		73AB7D892CDE5BEC00EEF173 /* AdventureThirst */ = {
			isa = PBXFileSystemSynchronizedRootGroup;
			exceptions = (
				73AB7D992CDE5BEE00EEF173 /* Exceptions for "AdventureThirst" folder in "AdventureThirst" target */,
			);
			path = AdventureThirst;
			sourceTree = "<group>";
		};
/* End PBXFileSystemSynchronizedRootGroup section */

/* Begin PBXFrameworksBuildPhase section */
		73AB7D842CDE5BEC00EEF173 /* Frameworks */ = {
			isa = PBXFrameworksBuildPhase;
			buildActionMask = 2147483647;
			files = (
				737A08DE2CF51DB300E043CF /* PostgREST in Frameworks */,
				737A08DC2CF51DB300E043CF /* Functions in Frameworks */,
				737A08E42CF51DB300E043CF /* Supabase in Frameworks */,
				737A08DA2CF51DB300E043CF /* Auth in Frameworks */,
				737A08E22CF51DB300E043CF /* Storage in Frameworks */,
				737A08E02CF51DB300E043CF /* Realtime in Frameworks */,
			);
			runOnlyForDeploymentPostprocessing = 0;
		};
/* End PBXFrameworksBuildPhase section */

/* Begin PBXGroup section */
		73AB7D7E2CDE5BEC00EEF173 = {
			isa = PBXGroup;
			children = (
				73AB7D892CDE5BEC00EEF173 /* AdventureThirst */,
				73AB7D882CDE5BEC00EEF173 /* Products */,
			);
			sourceTree = "<group>";
		};
		73AB7D882CDE5BEC00EEF173 /* Products */ = {
			isa = PBXGroup;
			children = (
				73AB7D872CDE5BEC00EEF173 /* AdventureThirst.app */,
			);
			name = Products;
			sourceTree = "<group>";
		};
/* End PBXGroup section */

/* Begin PBXNativeTarget section */
		73AB7D862CDE5BEC00EEF173 /* AdventureThirst */ = {
			isa = PBXNativeTarget;
			buildConfigurationList = 73AB7D9A2CDE5BEE00EEF173 /* Build configuration list for PBXNativeTarget "AdventureThirst" */;
			buildPhases = (
				73AB7D832CDE5BEC00EEF173 /* Sources */,
				73AB7D842CDE5BEC00EEF173 /* Frameworks */,
				73AB7D852CDE5BEC00EEF173 /* Resources */,
			);
			buildRules = (
			);
			dependencies = (
			);
			fileSystemSynchronizedGroups = (
				73AB7D892CDE5BEC00EEF173 /* AdventureThirst */,
			);
			name = AdventureThirst;
			packageProductDependencies = (
				737A08D92CF51DB300E043CF /* Auth */,
				737A08DB2CF51DB300E043CF /* Functions */,
				737A08DD2CF51DB300E043CF /* PostgREST */,
				737A08DF2CF51DB300E043CF /* Realtime */,
				737A08E12CF51DB300E043CF /* Storage */,
				737A08E32CF51DB300E043CF /* Supabase */,
			);
			productName = AdventureThirst;
			productReference = 73AB7D872CDE5BEC00EEF173 /* AdventureThirst.app */;
			productType = "com.apple.product-type.application";
		};
/* End PBXNativeTarget section */

/* Begin PBXProject section */
		73AB7D7F2CDE5BEC00EEF173 /* Project object */ = {
			isa = PBXProject;
			attributes = {
				BuildIndependentTargetsInParallel = 1;
				LastSwiftUpdateCheck = 1600;
				LastUpgradeCheck = 1600;
				TargetAttributes = {
					73AB7D862CDE5BEC00EEF173 = {
						CreatedOnToolsVersion = 16.0;
					};
				};
			};
			buildConfigurationList = 73AB7D822CDE5BEC00EEF173 /* Build configuration list for PBXProject "AdventureThirst" */;
			developmentRegion = en;
			hasScannedForEncodings = 0;
			knownRegions = (
				en,
				Base,
			);
			mainGroup = 73AB7D7E2CDE5BEC00EEF173;
			minimizedProjectReferenceProxies = 1;
			packageReferences = (
				737A08D82CF51DB300E043CF /* XCRemoteSwiftPackageReference "supabase-swift" */,
			);
			preferredProjectObjectVersion = 77;
			productRefGroup = 73AB7D882CDE5BEC00EEF173 /* Products */;
			projectDirPath = "";
			projectRoot = "";
			targets = (
				73AB7D862CDE5BEC00EEF173 /* AdventureThirst */,
			);
		};
/* End PBXProject section */

/* Begin PBXResourcesBuildPhase section */
		73AB7D852CDE5BEC00EEF173 /* Resources */ = {
			isa = PBXResourcesBuildPhase;
			buildActionMask = 2147483647;
			files = (
			);
			runOnlyForDeploymentPostprocessing = 0;
		};
/* End PBXResourcesBuildPhase section */

/* Begin PBXSourcesBuildPhase section */
		73AB7D832CDE5BEC00EEF173 /* Sources */ = {
			isa = PBXSourcesBuildPhase;
			buildActionMask = 2147483647;
			files = (
			);
			runOnlyForDeploymentPostprocessing = 0;
		};
/* End PBXSourcesBuildPhase section */

/* Begin XCBuildConfiguration section */
		73AB7D9B2CDE5BEE00EEF173 /* Debug */ = {
			isa = XCBuildConfiguration;
			buildSettings = {
				ASSETCATALOG_COMPILER_APPICON_NAME = AppIcon;
				ASSETCATALOG_COMPILER_GLOBAL_ACCENT_COLOR_NAME = AccentColor;
				CODE_SIGN_STYLE = Automatic;
				CURRENT_PROJECT_VERSION = 1;
				DEVELOPMENT_TEAM = VS5A9QFHJ4;
				GENERATE_INFOPLIST_FILE = YES;
				INFOPLIST_FILE = AdventureThirst/Info.plist;
				INFOPLIST_KEY_UIApplicationSupportsIndirectInputEvents = YES;
				INFOPLIST_KEY_UILaunchStoryboardName = LaunchScreen;
				INFOPLIST_KEY_UISupportedInterfaceOrientations_iPad = "UIInterfaceOrientationPortrait UIInterfaceOrientationPortraitUpsideDown UIInterfaceOrientationLandscapeLeft UIInterfaceOrientationLandscapeRight";
				INFOPLIST_KEY_UISupportedInterfaceOrientations_iPhone = "UIInterfaceOrientationPortrait UIInterfaceOrientationLandscapeLeft UIInterfaceOrientationLandscapeRight";
				LD_RUNPATH_SEARCH_PATHS = (
					"$(inherited)",
					"@executable_path/Frameworks",
				);
				MARKETING_VERSION = 1.0;
				PRODUCT_BUNDLE_IDENTIFIER = org.136d7e96022370ba.AdventureThirst;
				PRODUCT_NAME = "$(TARGET_NAME)";
				SWIFT_EMIT_LOC_STRINGS = YES;
				SWIFT_VERSION = 5.0;
				TARGETED_DEVICE_FAMILY = "1,2";
			};
			name = Debug;
		};
		73AB7D9C2CDE5BEE00EEF173 /* Release */ = {
			isa = XCBuildConfiguration;
			buildSettings = {
				ASSETCATALOG_COMPILER_APPICON_NAME = AppIcon;
				ASSETCATALOG_COMPILER_GLOBAL_ACCENT_COLOR_NAME = AccentColor;
				CODE_SIGN_STYLE = Automatic;
				CURRENT_PROJECT_VERSION = 1;
				DEVELOPMENT_TEAM = VS5A9QFHJ4;
				GENERATE_INFOPLIST_FILE = YES;
				INFOPLIST_FILE = AdventureThirst/Info.plist;
				INFOPLIST_KEY_UIApplicationSupportsIndirectInputEvents = YES;
				INFOPLIST_KEY_UILaunchStoryboardName = LaunchScreen;
				INFOPLIST_KEY_UISupportedInterfaceOrientations_iPad = "UIInterfaceOrientationPortrait UIInterfaceOrientationPortraitUpsideDown UIInterfaceOrientationLandscapeLeft UIInterfaceOrientationLandscapeRight";
				INFOPLIST_KEY_UISupportedInterfaceOrientations_iPhone = "UIInterfaceOrientationPortrait UIInterfaceOrientationLandscapeLeft UIInterfaceOrientationLandscapeRight";
				LD_RUNPATH_SEARCH_PATHS = (
					"$(inherited)",
					"@executable_path/Frameworks",
				);
				MARKETING_VERSION = 1.0;
				PRODUCT_BUNDLE_IDENTIFIER = org.136d7e96022370ba.AdventureThirst;
				PRODUCT_NAME = "$(TARGET_NAME)";
				SWIFT_EMIT_LOC_STRINGS = YES;
				SWIFT_VERSION = 5.0;
				TARGETED_DEVICE_FAMILY = "1,2";
			};
			name = Release;
		};
		73AB7D9D2CDE5BEE00EEF173 /* Debug */ = {
			isa = XCBuildConfiguration;
			buildSettings = {
				ALWAYS_SEARCH_USER_PATHS = NO;
				ASSETCATALOG_COMPILER_GENERATE_SWIFT_ASSET_SYMBOL_EXTENSIONS = YES;
				CLANG_ANALYZER_NONNULL = YES;
				CLANG_ANALYZER_NUMBER_OBJECT_CONVERSION = YES_AGGRESSIVE;
				CLANG_CXX_LANGUAGE_STANDARD = "gnu++20";
				CLANG_ENABLE_MODULES = YES;
				CLANG_ENABLE_OBJC_ARC = YES;
				CLANG_ENABLE_OBJC_WEAK = YES;
				CLANG_WARN_BLOCK_CAPTURE_AUTORELEASING = YES;
				CLANG_WARN_BOOL_CONVERSION = YES;
				CLANG_WARN_COMMA = YES;
				CLANG_WARN_CONSTANT_CONVERSION = YES;
				CLANG_WARN_DEPRECATED_OBJC_IMPLEMENTATIONS = YES;
				CLANG_WARN_DIRECT_OBJC_ISA_USAGE = YES_ERROR;
				CLANG_WARN_DOCUMENTATION_COMMENTS = YES;
				CLANG_WARN_EMPTY_BODY = YES;
				CLANG_WARN_ENUM_CONVERSION = YES;
				CLANG_WARN_INFINITE_RECURSION = YES;
				CLANG_WARN_INT_CONVERSION = YES;
				CLANG_WARN_NON_LITERAL_NULL_CONVERSION = YES;
				CLANG_WARN_OBJC_IMPLICIT_RETAIN_SELF = YES;
				CLANG_WARN_OBJC_LITERAL_CONVERSION = YES;
				CLANG_WARN_OBJC_ROOT_CLASS = YES_ERROR;
				CLANG_WARN_QUOTED_INCLUDE_IN_FRAMEWORK_HEADER = YES;
				CLANG_WARN_RANGE_LOOP_ANALYSIS = YES;
				CLANG_WARN_STRICT_PROTOTYPES = YES;
				CLANG_WARN_SUSPICIOUS_MOVE = YES;
				CLANG_WARN_UNGUARDED_AVAILABILITY = YES_AGGRESSIVE;
				CLANG_WARN_UNREACHABLE_CODE = YES;
				CLANG_WARN__DUPLICATE_METHOD_MATCH = YES;
				COPY_PHASE_STRIP = NO;
				DEBUG_INFORMATION_FORMAT = dwarf;
				ENABLE_STRICT_OBJC_MSGSEND = YES;
				ENABLE_TESTABILITY = YES;
				ENABLE_USER_SCRIPT_SANDBOXING = YES;
				GCC_C_LANGUAGE_STANDARD = gnu17;
				GCC_DYNAMIC_NO_PIC = NO;
				GCC_NO_COMMON_BLOCKS = YES;
				GCC_OPTIMIZATION_LEVEL = 0;
				GCC_PREPROCESSOR_DEFINITIONS = (
					"DEBUG=1",
					"$(inherited)",
				);
				GCC_WARN_64_TO_32_BIT_CONVERSION = YES;
				GCC_WARN_ABOUT_RETURN_TYPE = YES_ERROR;
				GCC_WARN_UNDECLARED_SELECTOR = YES;
				GCC_WARN_UNINITIALIZED_AUTOS = YES_AGGRESSIVE;
				GCC_WARN_UNUSED_FUNCTION = YES;
				GCC_WARN_UNUSED_VARIABLE = YES;
				IPHONEOS_DEPLOYMENT_TARGET = 18.0;
				LOCALIZATION_PREFERS_STRING_CATALOGS = YES;
				MTL_ENABLE_DEBUG_INFO = INCLUDE_SOURCE;
				MTL_FAST_MATH = YES;
				ONLY_ACTIVE_ARCH = YES;
				SDKROOT = iphoneos;
				SWIFT_ACTIVE_COMPILATION_CONDITIONS = "DEBUG $(inherited)";
				SWIFT_OPTIMIZATION_LEVEL = "-Onone";
			};
			name = Debug;
		};
		73AB7D9E2CDE5BEE00EEF173 /* Release */ = {
			isa = XCBuildConfiguration;
			buildSettings = {
				ALWAYS_SEARCH_USER_PATHS = NO;
				ASSETCATALOG_COMPILER_GENERATE_SWIFT_ASSET_SYMBOL_EXTENSIONS = YES;
				CLANG_ANALYZER_NONNULL = YES;
				CLANG_ANALYZER_NUMBER_OBJECT_CONVERSION = YES_AGGRESSIVE;
				CLANG_CXX_LANGUAGE_STANDARD = "gnu++20";
				CLANG_ENABLE_MODULES = YES;
				CLANG_ENABLE_OBJC_ARC = YES;
				CLANG_ENABLE_OBJC_WEAK = YES;
				CLANG_WARN_BLOCK_CAPTURE_AUTORELEASING = YES;
				CLANG_WARN_BOOL_CONVERSION = YES;
				CLANG_WARN_COMMA = YES;
				CLANG_WARN_CONSTANT_CONVERSION = YES;
				CLANG_WARN_DEPRECATED_OBJC_IMPLEMENTATIONS = YES;
				CLANG_WARN_DIRECT_OBJC_ISA_USAGE = YES_ERROR;
				CLANG_WARN_DOCUMENTATION_COMMENTS = YES;
				CLANG_WARN_EMPTY_BODY = YES;
				CLANG_WARN_ENUM_CONVERSION = YES;
				CLANG_WARN_INFINITE_RECURSION = YES;
				CLANG_WARN_INT_CONVERSION = YES;
				CLANG_WARN_NON_LITERAL_NULL_CONVERSION = YES;
				CLANG_WARN_OBJC_IMPLICIT_RETAIN_SELF = YES;
				CLANG_WARN_OBJC_LITERAL_CONVERSION = YES;
				CLANG_WARN_OBJC_ROOT_CLASS = YES_ERROR;
				CLANG_WARN_QUOTED_INCLUDE_IN_FRAMEWORK_HEADER = YES;
				CLANG_WARN_RANGE_LOOP_ANALYSIS = YES;
				CLANG_WARN_STRICT_PROTOTYPES = YES;
				CLANG_WARN_SUSPICIOUS_MOVE = YES;
				CLANG_WARN_UNGUARDED_AVAILABILITY = YES_AGGRESSIVE;
				CLANG_WARN_UNREACHABLE_CODE = YES;
				CLANG_WARN__DUPLICATE_METHOD_MATCH = YES;
				COPY_PHASE_STRIP = NO;
				DEBUG_INFORMATION_FORMAT = "dwarf-with-dsym";
				ENABLE_NS_ASSERTIONS = NO;
				ENABLE_STRICT_OBJC_MSGSEND = YES;
				ENABLE_USER_SCRIPT_SANDBOXING = YES;
				GCC_C_LANGUAGE_STANDARD = gnu17;
				GCC_NO_COMMON_BLOCKS = YES;
				GCC_WARN_64_TO_32_BIT_CONVERSION = YES;
				GCC_WARN_ABOUT_RETURN_TYPE = YES_ERROR;
				GCC_WARN_UNDECLARED_SELECTOR = YES;
				GCC_WARN_UNINITIALIZED_AUTOS = YES_AGGRESSIVE;
				GCC_WARN_UNUSED_FUNCTION = YES;
				GCC_WARN_UNUSED_VARIABLE = YES;
				IPHONEOS_DEPLOYMENT_TARGET = 18.0;
				LOCALIZATION_PREFERS_STRING_CATALOGS = YES;
				MTL_ENABLE_DEBUG_INFO = NO;
				MTL_FAST_MATH = YES;
				SDKROOT = iphoneos;
				SWIFT_COMPILATION_MODE = wholemodule;
				VALIDATE_PRODUCT = YES;
			};
			name = Release;
		};
/* End XCBuildConfiguration section */

/* Begin XCConfigurationList section */
		73AB7D822CDE5BEC00EEF173 /* Build configuration list for PBXProject "AdventureThirst" */ = {
			isa = XCConfigurationList;
			buildConfigurations = (
				73AB7D9D2CDE5BEE00EEF173 /* Debug */,
				73AB7D9E2CDE5BEE00EEF173 /* Release */,
			);
			defaultConfigurationIsVisible = 0;
			defaultConfigurationName = Release;
		};
		73AB7D9A2CDE5BEE00EEF173 /* Build configuration list for PBXNativeTarget "AdventureThirst" */ = {
			isa = XCConfigurationList;
			buildConfigurations = (
				73AB7D9B2CDE5BEE00EEF173 /* Debug */,
				73AB7D9C2CDE5BEE00EEF173 /* Release */,
			);
			defaultConfigurationIsVisible = 0;
			defaultConfigurationName = Release;
		};
/* End XCConfigurationList section */

/* Begin XCRemoteSwiftPackageReference section */
		737A08D82CF51DB300E043CF /* XCRemoteSwiftPackageReference "supabase-swift" */ = {
			isa = XCRemoteSwiftPackageReference;
			repositoryURL = "https://github.com/supabase/supabase-swift";
			requirement = {
				kind = upToNextMajorVersion;
				minimumVersion = 2.5.1;
			};
		};
/* End XCRemoteSwiftPackageReference section */

/* Begin XCSwiftPackageProductDependency section */
		737A08D92CF51DB300E043CF /* Auth */ = {
			isa = XCSwiftPackageProductDependency;
			package = 737A08D82CF51DB300E043CF /* XCRemoteSwiftPackageReference "supabase-swift" */;
			productName = Auth;
		};
		737A08DB2CF51DB300E043CF /* Functions */ = {
			isa = XCSwiftPackageProductDependency;
			package = 737A08D82CF51DB300E043CF /* XCRemoteSwiftPackageReference "supabase-swift" */;
			productName = Functions;
		};
		737A08DD2CF51DB300E043CF /* PostgREST */ = {
			isa = XCSwiftPackageProductDependency;
			package = 737A08D82CF51DB300E043CF /* XCRemoteSwiftPackageReference "supabase-swift" */;
			productName = PostgREST;
		};
		737A08DF2CF51DB300E043CF /* Realtime */ = {
			isa = XCSwiftPackageProductDependency;
			package = 737A08D82CF51DB300E043CF /* XCRemoteSwiftPackageReference "supabase-swift" */;
			productName = Realtime;
		};
		737A08E12CF51DB300E043CF /* Storage */ = {
			isa = XCSwiftPackageProductDependency;
			package = 737A08D82CF51DB300E043CF /* XCRemoteSwiftPackageReference "supabase-swift" */;
			productName = Storage;
		};
		737A08E32CF51DB300E043CF /* Supabase */ = {
			isa = XCSwiftPackageProductDependency;
			package = 737A08D82CF51DB300E043CF /* XCRemoteSwiftPackageReference "supabase-swift" */;
			productName = Supabase;
		};
/* End XCSwiftPackageProductDependency section */
	};
	rootObject = 73AB7D7F2CDE5BEC00EEF173 /* Project object */;
}
